{
  "version": 4,
  "terraform_version": "1.10.5",
  "serial": 22,
  "lineage": "e0129b3c-1d7d-ab4b-3ec6-1e9a5effa5e0",
  "outputs": {
    "resource_group_name": {
      "value": "terraform-test-rg",
      "type": "string"
    },
    "virtual_machine_ip": {
      "value": [
        {
          "gateway_load_balancer_frontend_ip_configuration_id": "",
          "name": "internal",
          "primary": true,
          "private_ip_address": "10.0.2.4",
          "private_ip_address_allocation": "Dynamic",
          "private_ip_address_version": "IPv4",
          "public_ip_address_id": "/subscriptions/3b4b0c52-cd6a-4528-b4a7-ba3583efb2ed/resourceGroups/terraform-test-rg/providers/Microsoft.Network/publicIPAddresses/terraform-test-publicip",
          "subnet_id": "/subscriptions/3b4b0c52-cd6a-4528-b4a7-ba3583efb2ed/resourceGroups/terraform-test-rg/providers/Microsoft.Network/virtualNetworks/terraform-test-network/subnets/internal"
        }
      ],
      "type": [
        "list",
        [
          "object",
          {
            "gateway_load_balancer_frontend_ip_configuration_id": "string",
            "name": "string",
            "primary": "bool",
            "private_ip_address": "string",
            "private_ip_address_allocation": "string",
            "private_ip_address_version": "string",
            "public_ip_address_id": "string",
            "subnet_id": "string"
          }
        ]
      ]
    }
  },
  "resources": [
    {
      "mode": "managed",
      "type": "azurerm_linux_virtual_machine",
      "name": "main",
      "provider": "provider[\"registry.terraform.io/hashicorp/azurerm\"]",
      "instances": [
        {
          "schema_version": 0,
          "attributes": {
            "additional_capabilities": [],
            "admin_password": null,
            "admin_ssh_key": [
              {
                "public_key": "ssh-rsa AAAAB3NzaC1yc2EAAAADAQABAAABgQC1wYWLLd2Zr6wlPhFaFuf2Z48B0x/dAyt7s97qqT7rJQtRc7rXWucyxKuvYI1WqYzJ8onlkInot0Tg4kVWgCvzcoMheb2msEUvB/Ht57oUQfR7/vZyBsISA8W41uqeBpa9e00DmAyzjYxbSjOBCkx+Wx7zsMkUnQiw+05CpxDq7hlUoxsdqJI/a5NT49DTGpLfyJqd2tfczLl55HstlgeFCVL2AcN11LpaIZlYXMvndMJ9Tlel6Su2UO+x0UnyDnI9XpDCcy61h9e7jgy7+19RY9iNtmRYPvDOVt2Lhcp+n2YlSiYKcTL7cXdVGLylAAbYbwTfESThn5BB7RkMpV+TaBS6K2tQTkSq3cy5bD9C1nIAgUvSSors0tYBGWGTAprv56nXtgIDcHliN1K2PFFTYCUwIjTQRO1hgBNl/C4XMJUYEgK4VpzihKW9HZW01IDztJEbkx6twkRmoWgUS4Pl6lWjbss13P5qNINyQIk/5b5e8w5OYgVNj1gcXYnenhU= romain@fedora-framework-romain\n",
                "username": "step"
              }
            ],
            "admin_username": "step",
            "allow_extension_operations": true,
            "availability_set_id": "",
            "boot_diagnostics": [],
            "bypass_platform_safety_checks_on_user_schedule_enabled": false,
            "capacity_reservation_group_id": "",
            "computer_name": "terraform-test-vm",
            "custom_data": null,
            "dedicated_host_group_id": "",
            "dedicated_host_id": "",
            "disable_password_authentication": true,
            "disk_controller_type": "",
            "edge_zone": "",
            "encryption_at_host_enabled": false,
            "eviction_policy": "",
            "extensions_time_budget": "PT1H30M",
            "gallery_application": [],
            "id": "/subscriptions/3b4b0c52-cd6a-4528-b4a7-ba3583efb2ed/resourceGroups/terraform-test-rg/providers/Microsoft.Compute/virtualMachines/terraform-test-vm",
            "identity": [],
            "license_type": "",
            "location": "westus",
            "max_bid_price": -1,
            "name": "terraform-test-vm",
            "network_interface_ids": [
              "/subscriptions/3b4b0c52-cd6a-4528-b4a7-ba3583efb2ed/resourceGroups/terraform-test-rg/providers/Microsoft.Network/networkInterfaces/terraform-test-nic"
            ],
            "os_disk": [
              {
                "caching": "ReadWrite",
                "diff_disk_settings": [],
                "disk_encryption_set_id": "",
                "disk_size_gb": 30,
                "name": "terraform-test-vm_OsDisk_1_14dfce59a07f4d929259e97e533cfc6a",
                "secure_vm_disk_encryption_set_id": "",
                "security_encryption_type": "",
                "storage_account_type": "Standard_LRS",
                "write_accelerator_enabled": false
              }
            ],
            "os_image_notification": [],
            "patch_assessment_mode": "ImageDefault",
            "patch_mode": "ImageDefault",
            "plan": [],
            "platform_fault_domain": -1,
            "priority": "Regular",
            "private_ip_address": "10.0.2.4",
            "private_ip_addresses": [
              "10.0.2.4"
            ],
            "provision_vm_agent": true,
            "proximity_placement_group_id": "",
            "public_ip_address": "",
            "public_ip_addresses": [],
            "reboot_setting": "",
            "resource_group_name": "terraform-test-rg",
            "secret": [],
            "secure_boot_enabled": false,
            "size": "Standard_F2",
            "source_image_id": "",
            "source_image_reference": [
              {
                "offer": "0001-com-ubuntu-server-jammy",
                "publisher": "Canonical",
                "sku": "22_04-lts",
                "version": "latest"
              }
            ],
            "tags": {},
            "termination_notification": [],
            "timeouts": null,
            "user_data": "",
            "virtual_machine_id": "7f60b3e7-9abd-4e5f-972d-041a8c0b173a",
            "virtual_machine_scale_set_id": "",
            "vm_agent_platform_updates_enabled": false,
            "vtpm_enabled": false,
            "zone": ""
          },
          "sensitive_attributes": [
            [
              {
                "type": "get_attr",
                "value": "custom_data"
              }
            ],
            [
              {
                "type": "get_attr",
                "value": "admin_password"
              }
            ]
          ],
          "private": "eyJlMmJmYjczMC1lY2FhLTExZTYtOGY4OC0zNDM2M2JjN2M0YzAiOnsiY3JlYXRlIjoyNzAwMDAwMDAwMDAwLCJkZWxldGUiOjI3MDAwMDAwMDAwMDAsInJlYWQiOjMwMDAwMDAwMDAwMCwidXBkYXRlIjoyNzAwMDAwMDAwMDAwfX0=",
          "dependencies": [
            "azurerm_network_interface.main",
            "azurerm_public_ip.main",
            "azurerm_resource_group.main",
            "azurerm_subnet.internal",
            "azurerm_virtual_network.main"
          ]
        }
      ]
    },
    {
      "mode": "managed",
      "type": "azurerm_network_interface",
      "name": "main",
      "provider": "provider[\"registry.terraform.io/hashicorp/azurerm\"]",
      "instances": [
        {
          "schema_version": 0,
          "attributes": {
            "accelerated_networking_enabled": false,
            "applied_dns_servers": [],
            "auxiliary_mode": "",
            "auxiliary_sku": "",
            "dns_servers": [],
            "edge_zone": "",
            "enable_accelerated_networking": false,
            "enable_ip_forwarding": false,
            "id": "/subscriptions/3b4b0c52-cd6a-4528-b4a7-ba3583efb2ed/resourceGroups/terraform-test-rg/providers/Microsoft.Network/networkInterfaces/terraform-test-nic",
            "internal_dns_name_label": "",
            "internal_domain_name_suffix": "icilvcpv5cvefn4qi31zbirfge.dx.internal.cloudapp.net",
            "ip_configuration": [
              {
                "gateway_load_balancer_frontend_ip_configuration_id": "",
                "name": "internal",
                "primary": true,
                "private_ip_address": "10.0.2.4",
                "private_ip_address_allocation": "Dynamic",
                "private_ip_address_version": "IPv4",
                "public_ip_address_id": "/subscriptions/3b4b0c52-cd6a-4528-b4a7-ba3583efb2ed/resourceGroups/terraform-test-rg/providers/Microsoft.Network/publicIPAddresses/terraform-test-publicip",
                "subnet_id": "/subscriptions/3b4b0c52-cd6a-4528-b4a7-ba3583efb2ed/resourceGroups/terraform-test-rg/providers/Microsoft.Network/virtualNetworks/terraform-test-network/subnets/internal"
              }
            ],
            "ip_forwarding_enabled": false,
            "location": "westus",
            "mac_address": "60-45-BD-04-A4-7A",
            "name": "terraform-test-nic",
            "private_ip_address": "10.0.2.4",
            "private_ip_addresses": [
              "10.0.2.4"
            ],
            "resource_group_name": "terraform-test-rg",
            "tags": {},
            "timeouts": null,
            "virtual_machine_id": "/subscriptions/3b4b0c52-cd6a-4528-b4a7-ba3583efb2ed/resourceGroups/terraform-test-rg/providers/Microsoft.Compute/virtualMachines/terraform-test-vm"
          },
          "sensitive_attributes": [],
          "private": "eyJlMmJmYjczMC1lY2FhLTExZTYtOGY4OC0zNDM2M2JjN2M0YzAiOnsiY3JlYXRlIjoxODAwMDAwMDAwMDAwLCJkZWxldGUiOjE4MDAwMDAwMDAwMDAsInJlYWQiOjMwMDAwMDAwMDAwMCwidXBkYXRlIjoxODAwMDAwMDAwMDAwfX0=",
          "dependencies": [
            "azurerm_public_ip.main",
            "azurerm_resource_group.main",
            "azurerm_subnet.internal",
            "azurerm_virtual_network.main"
          ]
        }
      ]
    },
    {
      "mode": "managed",
      "type": "azurerm_network_interface_security_group_association",
      "name": "main",
      "provider": "provider[\"registry.terraform.io/hashicorp/azurerm\"]",
      "instances": [
        {
          "schema_version": 0,
          "attributes": {
            "id": "/subscriptions/3b4b0c52-cd6a-4528-b4a7-ba3583efb2ed/resourceGroups/terraform-test-rg/providers/Microsoft.Network/networkInterfaces/terraform-test-nic|/subscriptions/3b4b0c52-cd6a-4528-b4a7-ba3583efb2ed/resourceGroups/terraform-test-rg/providers/Microsoft.Network/networkSecurityGroups/terraform-test-ssh",
            "network_interface_id": "/subscriptions/3b4b0c52-cd6a-4528-b4a7-ba3583efb2ed/resourceGroups/terraform-test-rg/providers/Microsoft.Network/networkInterfaces/terraform-test-nic",
            "network_security_group_id": "/subscriptions/3b4b0c52-cd6a-4528-b4a7-ba3583efb2ed/resourceGroups/terraform-test-rg/providers/Microsoft.Network/networkSecurityGroups/terraform-test-ssh",
            "timeouts": null
          },
          "sensitive_attributes": [],
          "private": "eyJlMmJmYjczMC1lY2FhLTExZTYtOGY4OC0zNDM2M2JjN2M0YzAiOnsiY3JlYXRlIjoxODAwMDAwMDAwMDAwLCJkZWxldGUiOjE4MDAwMDAwMDAwMDAsInJlYWQiOjMwMDAwMDAwMDAwMH19",
          "dependencies": [
            "azurerm_network_interface.main",
            "azurerm_network_security_group.ssh",
            "azurerm_public_ip.main",
            "azurerm_resource_group.main",
            "azurerm_subnet.internal",
            "azurerm_virtual_network.main"
          ]
        }
      ]
    },
    {
      "mode": "managed",
      "type": "azurerm_network_security_group",
      "name": "ssh",
      "provider": "provider[\"registry.terraform.io/hashicorp/azurerm\"]",
      "instances": [
        {
          "schema_version": 0,
          "attributes": {
            "id": "/subscriptions/3b4b0c52-cd6a-4528-b4a7-ba3583efb2ed/resourceGroups/terraform-test-rg/providers/Microsoft.Network/networkSecurityGroups/terraform-test-ssh",
            "location": "westus",
            "name": "terraform-test-ssh",
            "resource_group_name": "terraform-test-rg",
            "security_rule": [
              {
                "access": "Allow",
                "description": "",
                "destination_address_prefix": "10.0.2.4",
                "destination_address_prefixes": [],
                "destination_application_security_group_ids": [],
                "destination_port_range": "22",
                "destination_port_ranges": [],
                "direction": "Inbound",
                "name": "tls",
                "priority": 100,
                "protocol": "Tcp",
                "source_address_prefix": "*",
                "source_address_prefixes": [],
                "source_application_security_group_ids": [],
                "source_port_range": "*",
                "source_port_ranges": []
              }
            ],
            "tags": null,
            "timeouts": null
          },
          "sensitive_attributes": [],
          "private": "eyJlMmJmYjczMC1lY2FhLTExZTYtOGY4OC0zNDM2M2JjN2M0YzAiOnsiY3JlYXRlIjoxODAwMDAwMDAwMDAwLCJkZWxldGUiOjE4MDAwMDAwMDAwMDAsInJlYWQiOjMwMDAwMDAwMDAwMCwidXBkYXRlIjoxODAwMDAwMDAwMDAwfX0=",
          "dependencies": [
            "azurerm_network_interface.main",
            "azurerm_public_ip.main",
            "azurerm_resource_group.main",
            "azurerm_subnet.internal",
            "azurerm_virtual_network.main"
          ]
        }
      ]
    },
    {
      "mode": "managed",
      "type": "azurerm_public_ip",
      "name": "main",
      "provider": "provider[\"registry.terraform.io/hashicorp/azurerm\"]",
      "instances": [
        {
          "schema_version": 0,
          "attributes": {
            "allocation_method": "Dynamic",
            "ddos_protection_mode": "VirtualNetworkInherited",
            "ddos_protection_plan_id": null,
            "domain_name_label": null,
            "edge_zone": "",
            "fqdn": null,
            "id": "/subscriptions/3b4b0c52-cd6a-4528-b4a7-ba3583efb2ed/resourceGroups/terraform-test-rg/providers/Microsoft.Network/publicIPAddresses/terraform-test-publicip",
            "idle_timeout_in_minutes": 4,
            "ip_address": "",
            "ip_tags": null,
            "ip_version": "IPv4",
            "location": "westus",
            "name": "terraform-test-publicip",
            "public_ip_prefix_id": null,
            "resource_group_name": "terraform-test-rg",
            "reverse_fqdn": null,
            "sku": "Basic",
            "sku_tier": "Regional",
            "tags": null,
            "timeouts": null,
            "zones": null
          },
          "sensitive_attributes": [],
          "private": "eyJlMmJmYjczMC1lY2FhLTExZTYtOGY4OC0zNDM2M2JjN2M0YzAiOnsiY3JlYXRlIjoxODAwMDAwMDAwMDAwLCJkZWxldGUiOjE4MDAwMDAwMDAwMDAsInJlYWQiOjMwMDAwMDAwMDAwMCwidXBkYXRlIjoxODAwMDAwMDAwMDAwfX0=",
          "dependencies": [
            "azurerm_resource_group.main"
          ]
        }
      ]
    },
    {
      "mode": "managed",
      "type": "azurerm_resource_group",
      "name": "main",
      "provider": "provider[\"registry.terraform.io/hashicorp/azurerm\"]",
      "instances": [
        {
          "schema_version": 0,
          "attributes": {
            "id": "/subscriptions/3b4b0c52-cd6a-4528-b4a7-ba3583efb2ed/resourceGroups/terraform-test-rg",
            "location": "westus",
            "managed_by": "",
            "name": "terraform-test-rg",
            "tags": {},
            "timeouts": null
          },
          "sensitive_attributes": [],
          "private": "eyJlMmJmYjczMC1lY2FhLTExZTYtOGY4OC0zNDM2M2JjN2M0YzAiOnsiY3JlYXRlIjo1NDAwMDAwMDAwMDAwLCJkZWxldGUiOjU0MDAwMDAwMDAwMDAsInJlYWQiOjMwMDAwMDAwMDAwMCwidXBkYXRlIjo1NDAwMDAwMDAwMDAwfX0="
        }
      ]
    },
    {
      "mode": "managed",
      "type": "azurerm_subnet",
      "name": "internal",
      "provider": "provider[\"registry.terraform.io/hashicorp/azurerm\"]",
      "instances": [
        {
          "schema_version": 0,
          "attributes": {
            "address_prefixes": [
              "10.0.2.0/24"
            ],
            "default_outbound_access_enabled": true,
            "delegation": [],
            "enforce_private_link_endpoint_network_policies": false,
            "enforce_private_link_service_network_policies": false,
            "id": "/subscriptions/3b4b0c52-cd6a-4528-b4a7-ba3583efb2ed/resourceGroups/terraform-test-rg/providers/Microsoft.Network/virtualNetworks/terraform-test-network/subnets/internal",
            "name": "internal",
            "private_endpoint_network_policies": "Enabled",
            "private_endpoint_network_policies_enabled": true,
            "private_link_service_network_policies_enabled": true,
            "resource_group_name": "terraform-test-rg",
            "service_endpoint_policy_ids": [],
            "service_endpoints": [],
            "timeouts": null,
            "virtual_network_name": "terraform-test-network"
          },
          "sensitive_attributes": [],
          "private": "eyJlMmJmYjczMC1lY2FhLTExZTYtOGY4OC0zNDM2M2JjN2M0YzAiOnsiY3JlYXRlIjoxODAwMDAwMDAwMDAwLCJkZWxldGUiOjE4MDAwMDAwMDAwMDAsInJlYWQiOjMwMDAwMDAwMDAwMCwidXBkYXRlIjoxODAwMDAwMDAwMDAwfX0=",
          "dependencies": [
            "azurerm_resource_group.main",
            "azurerm_virtual_network.main"
          ]
        }
      ]
    },
    {
      "mode": "managed",
      "type": "azurerm_virtual_network",
      "name": "main",
      "provider": "provider[\"registry.terraform.io/hashicorp/azurerm\"]",
      "instances": [
        {
          "schema_version": 0,
          "attributes": {
            "address_space": [
              "10.0.0.0/16"
            ],
            "bgp_community": "",
            "ddos_protection_plan": [],
            "dns_servers": [],
            "edge_zone": "",
            "encryption": [],
            "flow_timeout_in_minutes": 0,
            "guid": "89ba9040-f8f5-42aa-b7d0-477790a22534",
            "id": "/subscriptions/3b4b0c52-cd6a-4528-b4a7-ba3583efb2ed/resourceGroups/terraform-test-rg/providers/Microsoft.Network/virtualNetworks/terraform-test-network",
            "location": "westus",
            "name": "terraform-test-network",
            "resource_group_name": "terraform-test-rg",
            "subnet": [
              {
                "address_prefix": "10.0.2.0/24",
                "id": "/subscriptions/3b4b0c52-cd6a-4528-b4a7-ba3583efb2ed/resourceGroups/terraform-test-rg/providers/Microsoft.Network/virtualNetworks/terraform-test-network/subnets/internal",
                "name": "internal",
                "security_group": ""
              }
            ],
            "tags": {},
            "timeouts": null
          },
          "sensitive_attributes": [],
          "private": "eyJlMmJmYjczMC1lY2FhLTExZTYtOGY4OC0zNDM2M2JjN2M0YzAiOnsiY3JlYXRlIjoxODAwMDAwMDAwMDAwLCJkZWxldGUiOjE4MDAwMDAwMDAwMDAsInJlYWQiOjMwMDAwMDAwMDAwMCwidXBkYXRlIjoxODAwMDAwMDAwMDAwfX0=",
          "dependencies": [
            "azurerm_resource_group.main"
          ]
        }
      ]
    }
  ],
  "check_results": null
}
